<Solution>
  <Folder Name="/src/">
    <Project Path="src/Hospital.API/Hospital.API.csproj" />
    <Project Path="src/Hospital.Application/Hospital.Application.csproj" />
    <Project Path="src/Hospital.Domain/Hospital.Domain.csproj" />
    <Project Path="src/Hospital.Infrastructure/Hospital.Infrastructure.csproj" />
    <Project Path="src/Hospital.Persistence/Hospital.Persistence.csproj" />
    <Project Path="src/Hospital.Shared/Hospital.Shared.csproj" />
  </Folder>
  <!--
    Solution folder named /tests/ — this is a VIRTUAL folder in Visual Studio.
    It does NOT create a folder on disk; it just groups projects in the Solution Explorer.
    The actual files live in tests/UnitTests/ on disk.
  -->
  <Folder Name="/tests/">
    <Project Path="tests/UnitTests/UnitTests.csproj" />
  </Folder>
</Solution>
